github.com/xhd2015/kode-ai/types v0.0.1 h1:Sn0HwloF9t+KXe7N0/2AziOwX7MYjUvkPO6iD+QJW20=
github.com/xhd2015/kode-ai/types v0.0.1/go.mod h1:cVOvRFRKGsKZuqYfZoi0+4eM+Z45fZWTHObJuvqcgTY=
github.com/xhd2015/llm-tools v0.0.17 h1:77mSN/sVq2ExQ18/9xDd28+D/2C831lstxJpMI0jLyo=
github.com/xhd2015/llm-tools v0.0.17/go.mod h1:RmRh4/b1ybL3L8ZSp9hi54giE1iOhog/h9Wir6DDX8g=
